
Microsoft Visual Studio Solution File, Format Version 12.00
# Visual Studio Version 16
VisualStudioVersion = 16.0.31410.357
MinimumVisualStudioVersion = 10.0.40219.1
Project("{FAE04EC0-301F-11D3-BF4B-00C04F79EFBC}") = "TodoApi", "TodoApi.csproj", "{0CB77C24-D52B-4EBC-AF51-27F7A6686203}"
EndProject
Global
	GlobalSection(SolutionConfigurationPlatforms) = preSolution
		Debug|Any CPU = Debug|Any CPU
		Release|Any CPU = Release|Any CPU
	EndGlobalSection
	GlobalSection(ProjectConfigurationPlatforms) = postSolution
		{0CB77C24-D52B-4EBC-AF51-27F7A6686203}.Debug|Any CPU.ActiveCfg = Debug|Any CPU
		{0CB77C24-D52B-4EBC-AF51-27F7A6686203}.Debug|Any CPU.Build.0 = Debug|Any CPU
		{0CB77C24-D52B-4EBC-AF51-27F7A6686203}.Release|Any CPU.ActiveCfg = Release|Any CPU
		{0CB77C24-D52B-4EBC-AF51-27F7A6686203}.Release|Any CPU.Build.0 = Release|Any CPU
	EndGlobalSection
	GlobalSection(SolutionProperties) = preSolution
		HideSolutionNode = FALSE
	EndGlobalSection
	GlobalSection(ExtensibilityGlobals) = postSolution
		SolutionGuid = {F12CF85F-3726-424C-AE12-9DC0A66F8609}
	EndGlobalSection
EndGlobal
